// !$*UTF8*$!
{
	archiveVersion = 1;
	classes = {
	};
	objectVersion = 50;
	objects = {

/* Begin PBXBuildFile section */
		5BC65A6626208C73000ADDD1 /* AppDelegate.swift in Sources */ = {isa = PBXBuildFile; fileRef = 5BC65A6526208C73000ADDD1 /* AppDelegate.swift */; };
		5BC65A6826208C73000ADDD1 /* SceneDelegate.swift in Sources */ = {isa = PBXBuildFile; fileRef = 5BC65A6726208C73000ADDD1 /* SceneDelegate.swift */; };
		5BC65A6A26208C73000ADDD1 /* ViewController.swift in Sources */ = {isa = PBXBuildFile; fileRef = 5BC65A6926208C73000ADDD1 /* ViewController.swift */; };
		5BC65A6D26208C73000ADDD1 /* Main.storyboard in Resources */ = {isa = PBXBuildFile; fileRef = 5BC65A6B26208C73000ADDD1 /* Main.storyboard */; };
		5BC65A6F26208C74000ADDD1 /* Assets.xcassets in Resources */ = {isa = PBXBuildFile; fileRef = 5BC65A6E26208C74000ADDD1 /* Assets.xcassets */; };
		5BC65A7226208C74000ADDD1 /* LaunchScreen.storyboard in Resources */ = {isa = PBXBuildFile; fileRef = 5BC65A7026208C74000ADDD1 /* LaunchScreen.storyboard */; };
		5BC65A7D26208CEB000ADDD1 /* detector.c in Sources */ = {isa = PBXBuildFile; fileRef = 5BC65A7C26208CEB000ADDD1 /* detector.c */; };
		5BC65A8B26208E41000ADDD1 /* libdarknet.a in Frameworks */ = {isa = PBXBuildFile; fileRef = 5BC65A8A26208E41000ADDD1 /* libdarknet.a */; };
		5BC65A8E26208E59000ADDD1 /* darknet19_448.conv.23 in Resources */ = {isa = PBXBuildFile; fileRef = 5BC65A8D26208E59000ADDD1 /* darknet19_448.conv.23 */; };
		5BC65A9126208E82000ADDD1 /* obj.names in Resources */ = {isa = PBXBuildFile; fileRef = 5BC65A9026208E82000ADDD1 /* obj.names */; };
		5BC65A9426208E98000ADDD1 /* yolov2.cfg in Resources */ = {isa = PBXBuildFile; fileRef = 5BC65A9326208E98000ADDD1 /* yolov2.cfg */; };
		5BC65A9726208F63000ADDD1 /* deepfake-dataset5 in Resources */ = {isa = PBXBuildFile; fileRef = 5BC65A9626208F63000ADDD1 /* deepfake-dataset5 */; };
/* End PBXBuildFile section */

/* Begin PBXFileReference section */
		5BC65A6226208C73000ADDD1 /* yolo-ios.app */ = {isa = PBXFileReference; explicitFileType = wrapper.application; includeInIndex = 0; path = "yolo-ios.app"; sourceTree = BUILT_PRODUCTS_DIR; };
		5BC65A6526208C73000ADDD1 /* AppDelegate.swift */ = {isa = PBXFileReference; lastKnownFileType = sourcecode.swift; path = AppDelegate.swift; sourceTree = "<group>"; };
		5BC65A6726208C73000ADDD1 /* SceneDelegate.swift */ = {isa = PBXFileReference; lastKnownFileType = sourcecode.swift; path = SceneDelegate.swift; sourceTree = "<group>"; };
		5BC65A6926208C73000ADDD1 /* ViewController.swift */ = {isa = PBXFileReference; lastKnownFileType = sourcecode.swift; path = ViewController.swift; sourceTree = "<group>"; };
		5BC65A6C26208C73000ADDD1 /* Base */ = {isa = PBXFileReference; lastKnownFileType = file.storyboard; name = Base; path = Base.lproj/Main.storyboard; sourceTree = "<group>"; };
		5BC65A6E26208C74000ADDD1 /* Assets.xcassets */ = {isa = PBXFileReference; lastKnownFileType = folder.assetcatalog; path = Assets.xcassets; sourceTree = "<group>"; };
		5BC65A7126208C74000ADDD1 /* Base */ = {isa = PBXFileReference; lastKnownFileType = file.storyboard; name = Base; path = Base.lproj/LaunchScreen.storyboard; sourceTree = "<group>"; };
		5BC65A7326208C74000ADDD1 /* Info.plist */ = {isa = PBXFileReference; lastKnownFileType = text.plist.xml; path = Info.plist; sourceTree = "<group>"; };
		5BC65A7A26208CEB000ADDD1 /* yolo-ios-Bridging-Header.h */ = {isa = PBXFileReference; lastKnownFileType = sourcecode.c.h; path = "yolo-ios-Bridging-Header.h"; sourceTree = "<group>"; };
		5BC65A7B26208CEB000ADDD1 /* detector.h */ = {isa = PBXFileReference; lastKnownFileType = sourcecode.c.h; path = detector.h; sourceTree = "<group>"; };
		5BC65A7C26208CEB000ADDD1 /* detector.c */ = {isa = PBXFileReference; lastKnownFileType = sourcecode.c.c; path = detector.c; sourceTree = "<group>"; };
		5BC65A8426208DDD000ADDD1 /* darknet.h */ = {isa = PBXFileReference; lastKnownFileType = sourcecode.c.h; path = darknet.h; sourceTree = "<group>"; };
		5BC65A8A26208E41000ADDD1 /* libdarknet.a */ = {isa = PBXFileReference; lastKnownFileType = archive.ar; path = libdarknet.a; sourceTree = "<group>"; };
		5BC65A8D26208E59000ADDD1 /* darknet19_448.conv.23 */ = {isa = PBXFileReference; lastKnownFileType = file; path = darknet19_448.conv.23; sourceTree = "<group>"; };
		5BC65A9026208E82000ADDD1 /* obj.names */ = {isa = PBXFileReference; fileEncoding = 4; lastKnownFileType = text; path = obj.names; sourceTree = "<group>"; };
		5BC65A9326208E98000ADDD1 /* yolov2.cfg */ = {isa = PBXFileReference; fileEncoding = 4; lastKnownFileType = text; path = yolov2.cfg; sourceTree = "<group>"; };
		5BC65A9626208F63000ADDD1 /* deepfake-dataset5 */ = {isa = PBXFileReference; lastKnownFileType = folder; path = "deepfake-dataset5"; sourceTree = "<group>"; };
/* End PBXFileReference section */

/* Begin PBXFrameworksBuildPhase section */
		5BC65A5F26208C73000ADDD1 /* Frameworks */ = {
			isa = PBXFrameworksBuildPhase;
			buildActionMask = 2147483647;
			files = (
				5BC65A8B26208E41000ADDD1 /* libdarknet.a in Frameworks */,
			);
			runOnlyForDeploymentPostprocessing = 0;
		};
/* End PBXFrameworksBuildPhase section */

/* Begin PBXGroup section */
		5BC65A5926208C73000ADDD1 = {
			isa = PBXGroup;
			children = (
				5BC65A6426208C73000ADDD1 /* yolo-ios */,
				5BC65A6326208C73000ADDD1 /* Products */,
			);
			sourceTree = "<group>";
		};
		5BC65A6326208C73000ADDD1 /* Products */ = {
			isa = PBXGroup;
			children = (
				5BC65A6226208C73000ADDD1 /* yolo-ios.app */,
			);
			name = Products;
			sourceTree = "<group>";
		};
		5BC65A6426208C73000ADDD1 /* yolo-ios */ = {
			isa = PBXGroup;
			children = (
				5BC65A9626208F63000ADDD1 /* deepfake-dataset5 */,
				5BC65A9326208E98000ADDD1 /* yolov2.cfg */,
				5BC65A9026208E82000ADDD1 /* obj.names */,
				5BC65A8D26208E59000ADDD1 /* darknet19_448.conv.23 */,
				5BC65A8A26208E41000ADDD1 /* libdarknet.a */,
				5BC65A6526208C73000ADDD1 /* AppDelegate.swift */,
				5BC65A6726208C73000ADDD1 /* SceneDelegate.swift */,
				5BC65A6926208C73000ADDD1 /* ViewController.swift */,
				5BC65A6B26208C73000ADDD1 /* Main.storyboard */,
				5BC65A6E26208C74000ADDD1 /* Assets.xcassets */,
				5BC65A7026208C74000ADDD1 /* LaunchScreen.storyboard */,
				5BC65A7326208C74000ADDD1 /* Info.plist */,
				5BC65A7B26208CEB000ADDD1 /* detector.h */,
				5BC65A7C26208CEB000ADDD1 /* detector.c */,
				5BC65A7A26208CEB000ADDD1 /* yolo-ios-Bridging-Header.h */,
				5BC65A8426208DDD000ADDD1 /* darknet.h */,
			);
			path = "yolo-ios";
			sourceTree = "<group>";
		};
/* End PBXGroup section */

/* Begin PBXNativeTarget section */
		5BC65A6126208C73000ADDD1 /* yolo-ios */ = {
			isa = PBXNativeTarget;
			buildConfigurationList = 5BC65A7626208C74000ADDD1 /* Build configuration list for PBXNativeTarget "yolo-ios" */;
			buildPhases = (
				5BC65A5E26208C73000ADDD1 /* Sources */,
				5BC65A5F26208C73000ADDD1 /* Frameworks */,
				5BC65A6026208C73000ADDD1 /* Resources */,
			);
			buildRules = (
			);
			dependencies = (
			);
			name = "yolo-ios";
			productName = "yolo-ios";
			productReference = 5BC65A6226208C73000ADDD1 /* yolo-ios.app */;
			productType = "com.apple.product-type.application";
		};
/* End PBXNativeTarget section */

/* Begin PBXProject section */
		5BC65A5A26208C73000ADDD1 /* Project object */ = {
			isa = PBXProject;
			attributes = {
				LastSwiftUpdateCheck = 1240;
				LastUpgradeCheck = 1240;
				TargetAttributes = {
					5BC65A6126208C73000ADDD1 = {
						CreatedOnToolsVersion = 12.4;
						LastSwiftMigration = 1240;
					};
				};
			};
			buildConfigurationList = 5BC65A5D26208C73000ADDD1 /* Build configuration list for PBXProject "yolo-ios" */;
			compatibilityVersion = "Xcode 9.3";
			developmentRegion = en;
			hasScannedForEncodings = 0;
			knownRegions = (
				en,
				Base,
			);
			mainGroup = 5BC65A5926208C73000ADDD1;
			productRefGroup = 5BC65A6326208C73000ADDD1 /* Products */;
			projectDirPath = "";
			projectRoot = "";
			targets = (
				5BC65A6126208C73000ADDD1 /* yolo-ios */,
			);
		};
/* End PBXProject section */

/* Begin PBXResourcesBuildPhase section */
		5BC65A6026208C73000ADDD1 /* Resources */ = {
			isa = PBXResourcesBuildPhase;
			buildActionMask = 2147483647;
			files = (
				5BC65A7226208C74000ADDD1 /* LaunchScreen.storyboard in Resources */,
				5BC65A6F26208C74000ADDD1 /* Assets.xcassets in Resources */,
				5BC65A9726208F63000ADDD1 /* deepfake-dataset5 in Resources */,
				5BC65A9126208E82000ADDD1 /* obj.names in Resources */,
				5BC65A9426208E98000ADDD1 /* yolov2.cfg in Resources */,
				5BC65A8E26208E59000ADDD1 /* darknet19_448.conv.23 in Resources */,
				5BC65A6D26208C73000ADDD1 /* Main.storyboard in Resources */,
			);
			runOnlyForDeploymentPostprocessing = 0;
		};
/* End PBXResourcesBuildPhase section */

/* Begin PBXSourcesBuildPhase section */
		5BC65A5E26208C73000ADDD1 /* Sources */ = {
			isa = PBXSourcesBuildPhase;
			buildActionMask = 2147483647;
			files = (
				5BC65A6A26208C73000ADDD1 /* ViewController.swift in Sources */,
				5BC65A7D26208CEB000ADDD1 /* detector.c in Sources */,
				5BC65A6626208C73000ADDD1 /* AppDelegate.swift in Sources */,
				5BC65A6826208C73000ADDD1 /* SceneDelegate.swift in Sources */,
			);
			runOnlyForDeploymentPostprocessing = 0;
		};
/* End PBXSourcesBuildPhase section */

/* Begin PBXVariantGroup section */
		5BC65A6B26208C73000ADDD1 /* Main.storyboard */ = {
			isa = PBXVariantGroup;
			children = (
				5BC65A6C26208C73000ADDD1 /* Base */,
			);
			name = Main.storyboard;
			sourceTree = "<group>";
		};
		5BC65A7026208C74000ADDD1 /* LaunchScreen.storyboard */ = {
			isa = PBXVariantGroup;
			children = (
				5BC65A7126208C74000ADDD1 /* Base */,
			);
			name = LaunchScreen.storyboard;
			sourceTree = "<group>";
		};
/* End PBXVariantGroup section */

/* Begin XCBuildConfiguration section */
		5BC65A7426208C74000ADDD1 /* Debug */ = {
			isa = XCBuildConfiguration;
			buildSettings = {
				ALWAYS_SEARCH_USER_PATHS = NO;
				CLANG_ANALYZER_NONNULL = YES;
				CLANG_ANALYZER_NUMBER_OBJECT_CONVERSION = YES_AGGRESSIVE;
				CLANG_CXX_LANGUAGE_STANDARD = "gnu++14";
				CLANG_CXX_LIBRARY = "libc++";
				CLANG_ENABLE_MODULES = YES;
				CLANG_ENABLE_OBJC_ARC = YES;
				CLANG_ENABLE_OBJC_WEAK = YES;
				CLANG_WARN_BLOCK_CAPTURE_AUTORELEASING = YES;
				CLANG_WARN_BOOL_CONVERSION = YES;
				CLANG_WARN_COMMA = YES;
				CLANG_WARN_CONSTANT_CONVERSION = YES;
				CLANG_WARN_DEPRECATED_OBJC_IMPLEMENTATIONS = YES;
				CLANG_WARN_DIRECT_OBJC_ISA_USAGE = YES_ERROR;
				CLANG_WARN_DOCUMENTATION_COMMENTS = YES;
				CLANG_WARN_EMPTY_BODY = YES;
				CLANG_WARN_ENUM_CONVERSION = YES;
				CLANG_WARN_INFINITE_RECURSION = YES;
				CLANG_WARN_INT_CONVERSION = YES;
				CLANG_WARN_NON_LITERAL_NULL_CONVERSION = YES;
				CLANG_WARN_OBJC_IMPLICIT_RETAIN_SELF = YES;
				CLANG_WARN_OBJC_LITERAL_CONVERSION = YES;
				CLANG_WARN_OBJC_ROOT_CLASS = YES_ERROR;
				CLANG_WARN_QUOTED_INCLUDE_IN_FRAMEWORK_HEADER = YES;
				CLANG_WARN_RANGE_LOOP_ANALYSIS = YES;
				CLANG_WARN_STRICT_PROTOTYPES = YES;
				CLANG_WARN_SUSPICIOUS_MOVE = YES;
				CLANG_WARN_UNGUARDED_AVAILABILITY = YES_AGGRESSIVE;
				CLANG_WARN_UNREACHABLE_CODE = YES;
				CLANG_WARN__DUPLICATE_METHOD_MATCH = YES;
				COPY_PHASE_STRIP = NO;
				DEBUG_INFORMATION_FORMAT = dwarf;
				ENABLE_STRICT_OBJC_MSGSEND = YES;
				ENABLE_TESTABILITY = YES;
				GCC_C_LANGUAGE_STANDARD = gnu11;
				GCC_DYNAMIC_NO_PIC = NO;
				GCC_NO_COMMON_BLOCKS = YES;
				GCC_OPTIMIZATION_LEVEL = 0;
				GCC_PREPROCESSOR_DEFINITIONS = (
					"DEBUG=1",
					"$(inherited)",
				);
				GCC_WARN_64_TO_32_BIT_CONVERSION = YES;
				GCC_WARN_ABOUT_RETURN_TYPE = YES_ERROR;
				GCC_WARN_UNDECLARED_SELECTOR = YES;
				GCC_WARN_UNINITIALIZED_AUTOS = YES_AGGRESSIVE;
				GCC_WARN_UNUSED_FUNCTION = YES;
				GCC_WARN_UNUSED_VARIABLE = YES;
				IPHONEOS_DEPLOYMENT_TARGET = 14.4;
				MTL_ENABLE_DEBUG_INFO = INCLUDE_SOURCE;
				MTL_FAST_MATH = YES;
				ONLY_ACTIVE_ARCH = YES;
				SDKROOT = iphoneos;
				SWIFT_ACTIVE_COMPILATION_CONDITIONS = DEBUG;
				SWIFT_OPTIMIZATION_LEVEL = "-Onone";
			};
			name = Debug;
		};
		5BC65A7526208C74000ADDD1 /* Release */ = {
			isa = XCBuildConfiguration;
			buildSettings = {
				ALWAYS_SEARCH_USER_PATHS = NO;
				CLANG_ANALYZER_NONNULL = YES;
				CLANG_ANALYZER_NUMBER_OBJECT_CONVERSION = YES_AGGRESSIVE;
				CLANG_CXX_LANGUAGE_STANDARD = "gnu++14";
				CLANG_CXX_LIBRARY = "libc++";
				CLANG_ENABLE_MODULES = YES;
				CLANG_ENABLE_OBJC_ARC = YES;
				CLANG_ENABLE_OBJC_WEAK = YES;
				CLANG_WARN_BLOCK_CAPTURE_AUTORELEASING = YES;
				CLANG_WARN_BOOL_CONVERSION = YES;
				CLANG_WARN_COMMA = YES;
				CLANG_WARN_CONSTANT_CONVERSION = YES;
				CLANG_WARN_DEPRECATED_OBJC_IMPLEMENTATIONS = YES;
				CLANG_WARN_DIRECT_OBJC_ISA_USAGE = YES_ERROR;
				CLANG_WARN_DOCUMENTATION_COMMENTS = YES;
				CLANG_WARN_EMPTY_BODY = YES;
				CLANG_WARN_ENUM_CONVERSION = YES;
				CLANG_WARN_INFINITE_RECURSION = YES;
				CLANG_WARN_INT_CONVERSION = YES;
				CLANG_WARN_NON_LITERAL_NULL_CONVERSION = YES;
				CLANG_WARN_OBJC_IMPLICIT_RETAIN_SELF = YES;
				CLANG_WARN_OBJC_LITERAL_CONVERSION = YES;
				CLANG_WARN_OBJC_ROOT_CLASS = YES_ERROR;
				CLANG_WARN_QUOTED_INCLUDE_IN_FRAMEWORK_HEADER = YES;
				CLANG_WARN_RANGE_LOOP_ANALYSIS = YES;
				CLANG_WARN_STRICT_PROTOTYPES = YES;
				CLANG_WARN_SUSPICIOUS_MOVE = YES;
				CLANG_WARN_UNGUARDED_AVAILABILITY = YES_AGGRESSIVE;
				CLANG_WARN_UNREACHABLE_CODE = YES;
				CLANG_WARN__DUPLICATE_METHOD_MATCH = YES;
				COPY_PHASE_STRIP = NO;
				DEBUG_INFORMATION_FORMAT = "dwarf-with-dsym";
				ENABLE_NS_ASSERTIONS = NO;
				ENABLE_STRICT_OBJC_MSGSEND = YES;
				GCC_C_LANGUAGE_STANDARD = gnu11;
				GCC_NO_COMMON_BLOCKS = YES;
				GCC_WARN_64_TO_32_BIT_CONVERSION = YES;
				GCC_WARN_ABOUT_RETURN_TYPE = YES_ERROR;
				GCC_WARN_UNDECLARED_SELECTOR = YES;
				GCC_WARN_UNINITIALIZED_AUTOS = YES_AGGRESSIVE;
				GCC_WARN_UNUSED_FUNCTION = YES;
				GCC_WARN_UNUSED_VARIABLE = YES;
				IPHONEOS_DEPLOYMENT_TARGET = 14.4;
				MTL_ENABLE_DEBUG_INFO = NO;
				MTL_FAST_MATH = YES;
				SDKROOT = iphoneos;
				SWIFT_COMPILATION_MODE = wholemodule;
				SWIFT_OPTIMIZATION_LEVEL = "-O";
				VALIDATE_PRODUCT = YES;
			};
			name = Release;
		};
		5BC65A7726208C74000ADDD1 /* Debug */ = {
			isa = XCBuildConfiguration;
			buildSettings = {
				ASSETCATALOG_COMPILER_APPICON_NAME = AppIcon;
				ASSETCATALOG_COMPILER_GLOBAL_ACCENT_COLOR_NAME = AccentColor;
				CLANG_ENABLE_MODULES = YES;
				CODE_SIGN_STYLE = Automatic;
				DEVELOPMENT_TEAM = AGUHYBS32N;
				INFOPLIST_FILE = "yolo-ios/Info.plist";
				LD_RUNPATH_SEARCH_PATHS = (
					"$(inherited)",
					"@executable_path/Frameworks",
				);
				LIBRARY_SEARCH_PATHS = (
					"$(inherited)",
					"$(PROJECT_DIR)/yolo-ios",
				);
				PRODUCT_BUNDLE_IDENTIFIER = "com.companygoeshere.yolo-ios";
				PRODUCT_NAME = "$(TARGET_NAME)";
				SWIFT_OBJC_BRIDGING_HEADER = "yolo-ios/yolo-ios-Bridging-Header.h";
				SWIFT_OPTIMIZATION_LEVEL = "-Onone";
				SWIFT_VERSION = 5.0;
				TARGETED_DEVICE_FAMILY = "1,2";
			};
			name = Debug;
		};
		5BC65A7826208C74000ADDD1 /* Release */ = {
			isa = XCBuildConfiguration;
			buildSettings = {
				ASSETCATALOG_COMPILER_APPICON_NAME = AppIcon;
				ASSETCATALOG_COMPILER_GLOBAL_ACCENT_COLOR_NAME = AccentColor;
				CLANG_ENABLE_MODULES = YES;
				CODE_SIGN_STYLE = Automatic;
				DEVELOPMENT_TEAM = AGUHYBS32N;
				INFOPLIST_FILE = "yolo-ios/Info.plist";
				LD_RUNPATH_SEARCH_PATHS = (
					"$(inherited)",
					"@executable_path/Frameworks",
				);
				LIBRARY_SEARCH_PATHS = (
					"$(inherited)",
					"$(PROJECT_DIR)/yolo-ios",
				);
				PRODUCT_BUNDLE_IDENTIFIER = "com.companygoeshere.yolo-ios";
				PRODUCT_NAME = "$(TARGET_NAME)";
				SWIFT_OBJC_BRIDGING_HEADER = "yolo-ios/yolo-ios-Bridging-Header.h";
				SWIFT_VERSION = 5.0;
				TARGETED_DEVICE_FAMILY = "1,2";
			};
			name = Release;
		};
/* End XCBuildConfiguration section */

/* Begin XCConfigurationList section */
		5BC65A5D26208C73000ADDD1 /* Build configuration list for PBXProject "yolo-ios" */ = {
			isa = XCConfigurationList;
			buildConfigurations = (
				5BC65A7426208C74000ADDD1 /* Debug */,
				5BC65A7526208C74000ADDD1 /* Release */,
			);
			defaultConfigurationIsVisible = 0;
			defaultConfigurationName = Release;
		};
		5BC65A7626208C74000ADDD1 /* Build configuration list for PBXNativeTarget "yolo-ios" */ = {
			isa = XCConfigurationList;
			buildConfigurations = (
				5BC65A7726208C74000ADDD1 /* Debug */,
				5BC65A7826208C74000ADDD1 /* Release */,
			);
			defaultConfigurationIsVisible = 0;
			defaultConfigurationName = Release;
		};
/* End XCConfigurationList section */
	};
	rootObject = 5BC65A5A26208C73000ADDD1 /* Project object */;
}
